{
  "name": "DataModel.js",
  "lockfileVersion": 2,
  "requires": true,
  "packages": {
    "": {
      "dependencies": {
        "esbuild": "^0.12.21",
        "localforage": "^1.9.0"
      }
    },
    "node_modules/esbuild": {
      "version": "0.12.21",
      "resolved": "https://registry.npmjs.org/esbuild/-/esbuild-0.12.21.tgz",
      "integrity": "sha512-7hyXbU3g94aREufI/5nls7Xcc+RGQeZWZApm6hoBaFvt2BPtpT4TjFMQ9Tb1jU8XyBGz00ShmiyflCogphMHFQ==",
      "hasInstallScript": true,
      "bin": {
        "esbuild": "bin/esbuild"
      }
    },
    "node_modules/immediate": {
      "version": "3.0.6",
      "resolved": "https://registry.npmjs.org/immediate/-/immediate-3.0.6.tgz",
      "integrity": "sha1-nbHb0Pr43m++D13V5Wu2BigN5ps="
    },
    "node_modules/lie": {
      "version": "3.1.1",
      "resolved": "https://registry.npmjs.org/lie/-/lie-3.1.1.tgz",
      "integrity": "sha1-mkNrLMd0bKWd56QfpGmz77dr2H4=",
      "dependencies": {
        "immediate": "~3.0.5"
      }
    },
    "node_modules/localforage": {
      "version": "1.9.0",
      "resolved": "https://registry.npmjs.org/localforage/-/localforage-1.9.0.tgz",
      "integrity": "sha512-rR1oyNrKulpe+VM9cYmcFn6tsHuokyVHFaCM3+osEmxaHTbEk8oQu6eGDfS6DQLWi/N67XRmB8ECG37OES368g==",
      "dependencies": {
        "lie": "3.1.1"
      }
    }
  },
  "dependencies": {
    "esbuild": {
      "version": "0.12.21",
      "resolved": "https://registry.npmjs.org/esbuild/-/esbuild-0.12.21.tgz",
      "integrity": "sha512-7hyXbU3g94aREufI/5nls7Xcc+RGQeZWZApm6hoBaFvt2BPtpT4TjFMQ9Tb1jU8XyBGz00ShmiyflCogphMHFQ=="
    },
    "immediate": {
      "version": "3.0.6",
      "resolved": "https://registry.npmjs.org/immediate/-/immediate-3.0.6.tgz",
      "integrity": "sha1-nbHb0Pr43m++D13V5Wu2BigN5ps="
    },
    "lie": {
      "version": "3.1.1",
      "resolved": "https://registry.npmjs.org/lie/-/lie-3.1.1.tgz",
      "integrity": "sha1-mkNrLMd0bKWd56QfpGmz77dr2H4=",
      "requires": {
        "immediate": "~3.0.5"
      }
    },
    "localforage": {
      "version": "1.9.0",
      "resolved": "https://registry.npmjs.org/localforage/-/localforage-1.9.0.tgz",
      "integrity": "sha512-rR1oyNrKulpe+VM9cYmcFn6tsHuokyVHFaCM3+osEmxaHTbEk8oQu6eGDfS6DQLWi/N67XRmB8ECG37OES368g==",
      "requires": {
        "lie": "3.1.1"
      }
    }
  }
}
